// !$*UTF8*$!
{
	archiveVersion = 1;
	classes = {
	};
	objectVersion = 46;
	objects = {

/* Begin PBXBuildFile section */
		543CF56C1AE98DB400D06EE5 /* LoginViewController.swift in Sources */ = {isa = PBXBuildFile; fileRef = 543CF56B1AE98DB400D06EE5 /* LoginViewController.swift */; };
		543CF5711AE9AE3100D06EE5 /* Login.swift in Sources */ = {isa = PBXBuildFile; fileRef = 543CF5701AE9AE3100D06EE5 /* Login.swift */; };
		54C7F83F1AEAC27200BB60E8 /* User.swift in Sources */ = {isa = PBXBuildFile; fileRef = 54C7F83E1AEAC27200BB60E8 /* User.swift */; };
		54C7F8411AEAD9FA00BB60E8 /* MapKit.framework in Frameworks */ = {isa = PBXBuildFile; fileRef = 54C7F8401AEAD9FA00BB60E8 /* MapKit.framework */; };
		54C7F8431AEEAC7D00BB60E8 /* MapViewController.swift in Sources */ = {isa = PBXBuildFile; fileRef = 54C7F8421AEEAC7D00BB60E8 /* MapViewController.swift */; };
		54C7F8451AEEAC8A00BB60E8 /* TableViewController.swift in Sources */ = {isa = PBXBuildFile; fileRef = 54C7F8441AEEAC8A00BB60E8 /* TableViewController.swift */; };
		54C7F8471AEEACDE00BB60E8 /* TabViewController.swift in Sources */ = {isa = PBXBuildFile; fileRef = 54C7F8461AEEACDE00BB60E8 /* TabViewController.swift */; };
		54C7F8491AEEB96B00BB60E8 /* Pin.swift in Sources */ = {isa = PBXBuildFile; fileRef = 54C7F8481AEEB96B00BB60E8 /* Pin.swift */; };
		54D94A5C1AE970DE00E35205 /* AppDelegate.swift in Sources */ = {isa = PBXBuildFile; fileRef = 54D94A5B1AE970DE00E35205 /* AppDelegate.swift */; };
		54D94A611AE970DE00E35205 /* Main.storyboard in Resources */ = {isa = PBXBuildFile; fileRef = 54D94A5F1AE970DE00E35205 /* Main.storyboard */; };
		54D94A631AE970DE00E35205 /* Images.xcassets in Resources */ = {isa = PBXBuildFile; fileRef = 54D94A621AE970DE00E35205 /* Images.xcassets */; };
		54D94A661AE970DE00E35205 /* LaunchScreen.xib in Resources */ = {isa = PBXBuildFile; fileRef = 54D94A641AE970DE00E35205 /* LaunchScreen.xib */; };
		54D94A721AE970DE00E35205 /* On_The_MapTests.swift in Sources */ = {isa = PBXBuildFile; fileRef = 54D94A711AE970DE00E35205 /* On_The_MapTests.swift */; };
		54D94A7F1AE972C900E35205 /* APIHelper.swift in Sources */ = {isa = PBXBuildFile; fileRef = 54D94A7E1AE972C900E35205 /* APIHelper.swift */; };
/* End PBXBuildFile section */

/* Begin PBXContainerItemProxy section */
		54D94A6C1AE970DE00E35205 /* PBXContainerItemProxy */ = {
			isa = PBXContainerItemProxy;
			containerPortal = 54D94A4E1AE970DE00E35205 /* Project object */;
			proxyType = 1;
			remoteGlobalIDString = 54D94A551AE970DE00E35205;
			remoteInfo = "On The Map";
		};
/* End PBXContainerItemProxy section */

/* Begin PBXFileReference section */
		543CF56B1AE98DB400D06EE5 /* LoginViewController.swift */ = {isa = PBXFileReference; fileEncoding = 4; lastKnownFileType = sourcecode.swift; path = LoginViewController.swift; sourceTree = "<group>"; };
		543CF5701AE9AE3100D06EE5 /* Login.swift */ = {isa = PBXFileReference; fileEncoding = 4; lastKnownFileType = sourcecode.swift; path = Login.swift; sourceTree = "<group>"; };
		54C7F83E1AEAC27200BB60E8 /* User.swift */ = {isa = PBXFileReference; fileEncoding = 4; lastKnownFileType = sourcecode.swift; path = User.swift; sourceTree = "<group>"; };
		54C7F8401AEAD9FA00BB60E8 /* MapKit.framework */ = {isa = PBXFileReference; lastKnownFileType = wrapper.framework; name = MapKit.framework; path = System/Library/Frameworks/MapKit.framework; sourceTree = SDKROOT; };
		54C7F8421AEEAC7D00BB60E8 /* MapViewController.swift */ = {isa = PBXFileReference; fileEncoding = 4; lastKnownFileType = sourcecode.swift; path = MapViewController.swift; sourceTree = "<group>"; };
		54C7F8441AEEAC8A00BB60E8 /* TableViewController.swift */ = {isa = PBXFileReference; fileEncoding = 4; lastKnownFileType = sourcecode.swift; path = TableViewController.swift; sourceTree = "<group>"; };
		54C7F8461AEEACDE00BB60E8 /* TabViewController.swift */ = {isa = PBXFileReference; fileEncoding = 4; lastKnownFileType = sourcecode.swift; path = TabViewController.swift; sourceTree = "<group>"; };
		54C7F8481AEEB96B00BB60E8 /* Pin.swift */ = {isa = PBXFileReference; fileEncoding = 4; lastKnownFileType = sourcecode.swift; path = Pin.swift; sourceTree = "<group>"; };
		54D94A561AE970DE00E35205 /* On The Map.app */ = {isa = PBXFileReference; explicitFileType = wrapper.application; includeInIndex = 0; path = "On The Map.app"; sourceTree = BUILT_PRODUCTS_DIR; };
		54D94A5A1AE970DE00E35205 /* Info.plist */ = {isa = PBXFileReference; lastKnownFileType = text.plist.xml; path = Info.plist; sourceTree = "<group>"; };
		54D94A5B1AE970DE00E35205 /* AppDelegate.swift */ = {isa = PBXFileReference; lastKnownFileType = sourcecode.swift; path = AppDelegate.swift; sourceTree = "<group>"; };
		54D94A601AE970DE00E35205 /* Base */ = {isa = PBXFileReference; lastKnownFileType = file.storyboard; name = Base; path = Base.lproj/Main.storyboard; sourceTree = "<group>"; };
		54D94A621AE970DE00E35205 /* Images.xcassets */ = {isa = PBXFileReference; lastKnownFileType = folder.assetcatalog; path = Images.xcassets; sourceTree = "<group>"; };
		54D94A651AE970DE00E35205 /* Base */ = {isa = PBXFileReference; lastKnownFileType = file.xib; name = Base; path = Base.lproj/LaunchScreen.xib; sourceTree = "<group>"; };
		54D94A6B1AE970DE00E35205 /* On The MapTests.xctest */ = {isa = PBXFileReference; explicitFileType = wrapper.cfbundle; includeInIndex = 0; path = "On The MapTests.xctest"; sourceTree = BUILT_PRODUCTS_DIR; };
		54D94A701AE970DE00E35205 /* Info.plist */ = {isa = PBXFileReference; lastKnownFileType = text.plist.xml; path = Info.plist; sourceTree = "<group>"; };
		54D94A711AE970DE00E35205 /* On_The_MapTests.swift */ = {isa = PBXFileReference; lastKnownFileType = sourcecode.swift; path = On_The_MapTests.swift; sourceTree = "<group>"; };
		54D94A7E1AE972C900E35205 /* APIHelper.swift */ = {isa = PBXFileReference; fileEncoding = 4; lastKnownFileType = sourcecode.swift; path = APIHelper.swift; sourceTree = "<group>"; };
/* End PBXFileReference section */

/* Begin PBXFrameworksBuildPhase section */
		54D94A531AE970DE00E35205 /* Frameworks */ = {
			isa = PBXFrameworksBuildPhase;
			buildActionMask = 2147483647;
			files = (
				54C7F8411AEAD9FA00BB60E8 /* MapKit.framework in Frameworks */,
			);
			runOnlyForDeploymentPostprocessing = 0;
		};
		54D94A681AE970DE00E35205 /* Frameworks */ = {
			isa = PBXFrameworksBuildPhase;
			buildActionMask = 2147483647;
			files = (
			);
			runOnlyForDeploymentPostprocessing = 0;
		};
/* End PBXFrameworksBuildPhase section */

/* Begin PBXGroup section */
		54C7F83D1AEAC26300BB60E8 /* Models */ = {
			isa = PBXGroup;
			children = (
				54C7F83E1AEAC27200BB60E8 /* User.swift */,
				54C7F8481AEEB96B00BB60E8 /* Pin.swift */,
			);
			name = Models;
			sourceTree = "<group>";
		};
		54D94A4D1AE970DE00E35205 = {
			isa = PBXGroup;
			children = (
				54C7F8401AEAD9FA00BB60E8 /* MapKit.framework */,
				54D94A581AE970DE00E35205 /* On The Map */,
				54D94A6E1AE970DE00E35205 /* On The MapTests */,
				54D94A571AE970DE00E35205 /* Products */,
			);
			sourceTree = "<group>";
		};
		54D94A571AE970DE00E35205 /* Products */ = {
			isa = PBXGroup;
			children = (
				54D94A561AE970DE00E35205 /* On The Map.app */,
				54D94A6B1AE970DE00E35205 /* On The MapTests.xctest */,
			);
			name = Products;
			sourceTree = "<group>";
		};
		54D94A581AE970DE00E35205 /* On The Map */ = {
			isa = PBXGroup;
			children = (
				54C7F83D1AEAC26300BB60E8 /* Models */,
				54D94A7D1AE9722600E35205 /* API */,
				54D94A5B1AE970DE00E35205 /* AppDelegate.swift */,
				54D94A7C1AE9721500E35205 /* Controllers */,
				54D94A7B1AE971CF00E35205 /* Story Boards */,
				54D94A621AE970DE00E35205 /* Images.xcassets */,
				54D94A641AE970DE00E35205 /* LaunchScreen.xib */,
				54D94A591AE970DE00E35205 /* Supporting Files */,
			);
			path = "On The Map";
			sourceTree = "<group>";
		};
		54D94A591AE970DE00E35205 /* Supporting Files */ = {
			isa = PBXGroup;
			children = (
				54D94A5A1AE970DE00E35205 /* Info.plist */,
			);
			name = "Supporting Files";
			sourceTree = "<group>";
		};
		54D94A6E1AE970DE00E35205 /* On The MapTests */ = {
			isa = PBXGroup;
			children = (
				54D94A711AE970DE00E35205 /* On_The_MapTests.swift */,
				54D94A6F1AE970DE00E35205 /* Supporting Files */,
			);
			path = "On The MapTests";
			sourceTree = "<group>";
		};
		54D94A6F1AE970DE00E35205 /* Supporting Files */ = {
			isa = PBXGroup;
			children = (
				54D94A701AE970DE00E35205 /* Info.plist */,
			);
			name = "Supporting Files";
			sourceTree = "<group>";
		};
		54D94A7B1AE971CF00E35205 /* Story Boards */ = {
			isa = PBXGroup;
			children = (
				54D94A5F1AE970DE00E35205 /* Main.storyboard */,
			);
			name = "Story Boards";
			sourceTree = "<group>";
		};
		54D94A7C1AE9721500E35205 /* Controllers */ = {
			isa = PBXGroup;
			children = (
				543CF56B1AE98DB400D06EE5 /* LoginViewController.swift */,
				54C7F8421AEEAC7D00BB60E8 /* MapViewController.swift */,
				54C7F8441AEEAC8A00BB60E8 /* TableViewController.swift */,
				54C7F8461AEEACDE00BB60E8 /* TabViewController.swift */,
			);
			name = Controllers;
			sourceTree = "<group>";
		};
		54D94A7D1AE9722600E35205 /* API */ = {
			isa = PBXGroup;
			children = (
				54D94A7E1AE972C900E35205 /* APIHelper.swift */,
				543CF5701AE9AE3100D06EE5 /* Login.swift */,
			);
			name = API;
			sourceTree = "<group>";
		};
/* End PBXGroup section */

/* Begin PBXNativeTarget section */
		54D94A551AE970DE00E35205 /* On The Map */ = {
			isa = PBXNativeTarget;
			buildConfigurationList = 54D94A751AE970DE00E35205 /* Build configuration list for PBXNativeTarget "On The Map" */;
			buildPhases = (
				54D94A521AE970DE00E35205 /* Sources */,
				54D94A531AE970DE00E35205 /* Frameworks */,
				54D94A541AE970DE00E35205 /* Resources */,
			);
			buildRules = (
			);
			dependencies = (
			);
			name = "On The Map";
			productName = "On The Map";
			productReference = 54D94A561AE970DE00E35205 /* On The Map.app */;
			productType = "com.apple.product-type.application";
		};
		54D94A6A1AE970DE00E35205 /* On The MapTests */ = {
			isa = PBXNativeTarget;
			buildConfigurationList = 54D94A781AE970DE00E35205 /* Build configuration list for PBXNativeTarget "On The MapTests" */;
			buildPhases = (
				54D94A671AE970DE00E35205 /* Sources */,
				54D94A681AE970DE00E35205 /* Frameworks */,
				54D94A691AE970DE00E35205 /* Resources */,
			);
			buildRules = (
			);
			dependencies = (
				54D94A6D1AE970DE00E35205 /* PBXTargetDependency */,
			);
			name = "On The MapTests";
			productName = "On The MapTests";
			productReference = 54D94A6B1AE970DE00E35205 /* On The MapTests.xctest */;
			productType = "com.apple.product-type.bundle.unit-test";
		};
/* End PBXNativeTarget section */

/* Begin PBXProject section */
		54D94A4E1AE970DE00E35205 /* Project object */ = {
			isa = PBXProject;
			attributes = {
				LastUpgradeCheck = 0630;
				ORGANIZATIONNAME = "Nicholas Busby";
				TargetAttributes = {
					54D94A551AE970DE00E35205 = {
						CreatedOnToolsVersion = 6.3.1;
					};
					54D94A6A1AE970DE00E35205 = {
						CreatedOnToolsVersion = 6.3.1;
						TestTargetID = 54D94A551AE970DE00E35205;
					};
				};
			};
			buildConfigurationList = 54D94A511AE970DE00E35205 /* Build configuration list for PBXProject "On The Map" */;
			compatibilityVersion = "Xcode 3.2";
			developmentRegion = English;
			hasScannedForEncodings = 0;
			knownRegions = (
				en,
				Base,
			);
			mainGroup = 54D94A4D1AE970DE00E35205;
			productRefGroup = 54D94A571AE970DE00E35205 /* Products */;
			projectDirPath = "";
			projectRoot = "";
			targets = (
				54D94A551AE970DE00E35205 /* On The Map */,
				54D94A6A1AE970DE00E35205 /* On The MapTests */,
			);
		};
/* End PBXProject section */

/* Begin PBXResourcesBuildPhase section */
		54D94A541AE970DE00E35205 /* Resources */ = {
			isa = PBXResourcesBuildPhase;
			buildActionMask = 2147483647;
			files = (
				54D94A611AE970DE00E35205 /* Main.storyboard in Resources */,
				54D94A661AE970DE00E35205 /* LaunchScreen.xib in Resources */,
				54D94A631AE970DE00E35205 /* Images.xcassets in Resources */,
			);
			runOnlyForDeploymentPostprocessing = 0;
		};
		54D94A691AE970DE00E35205 /* Resources */ = {
			isa = PBXResourcesBuildPhase;
			buildActionMask = 2147483647;
			files = (
			);
			runOnlyForDeploymentPostprocessing = 0;
		};
/* End PBXResourcesBuildPhase section */

/* Begin PBXSourcesBuildPhase section */
		54D94A521AE970DE00E35205 /* Sources */ = {
			isa = PBXSourcesBuildPhase;
			buildActionMask = 2147483647;
			files = (
				54C7F8471AEEACDE00BB60E8 /* TabViewController.swift in Sources */,
				543CF56C1AE98DB400D06EE5 /* LoginViewController.swift in Sources */,
				54C7F8451AEEAC8A00BB60E8 /* TableViewController.swift in Sources */,
				54D94A7F1AE972C900E35205 /* APIHelper.swift in Sources */,
				54D94A5C1AE970DE00E35205 /* AppDelegate.swift in Sources */,
				54C7F8431AEEAC7D00BB60E8 /* MapViewController.swift in Sources */,
				54C7F8491AEEB96B00BB60E8 /* Pin.swift in Sources */,
				54C7F83F1AEAC27200BB60E8 /* User.swift in Sources */,
				543CF5711AE9AE3100D06EE5 /* Login.swift in Sources */,
			);
			runOnlyForDeploymentPostprocessing = 0;
		};
		54D94A671AE970DE00E35205 /* Sources */ = {
			isa = PBXSourcesBuildPhase;
			buildActionMask = 2147483647;
			files = (
				54D94A721AE970DE00E35205 /* On_The_MapTests.swift in Sources */,
			);
			runOnlyForDeploymentPostprocessing = 0;
		};
/* End PBXSourcesBuildPhase section */

/* Begin PBXTargetDependency section */
		54D94A6D1AE970DE00E35205 /* PBXTargetDependency */ = {
			isa = PBXTargetDependency;
			target = 54D94A551AE970DE00E35205 /* On The Map */;
			targetProxy = 54D94A6C1AE970DE00E35205 /* PBXContainerItemProxy */;
		};
/* End PBXTargetDependency section */

/* Begin PBXVariantGroup section */
		54D94A5F1AE970DE00E35205 /* Main.storyboard */ = {
			isa = PBXVariantGroup;
			children = (
				54D94A601AE970DE00E35205 /* Base */,
			);
			name = Main.storyboard;
			sourceTree = "<group>";
		};
		54D94A641AE970DE00E35205 /* LaunchScreen.xib */ = {
			isa = PBXVariantGroup;
			children = (
				54D94A651AE970DE00E35205 /* Base */,
			);
			name = LaunchScreen.xib;
			sourceTree = "<group>";
		};
/* End PBXVariantGroup section */

/* Begin XCBuildConfiguration section */
		54D94A731AE970DE00E35205 /* Debug */ = {
			isa = XCBuildConfiguration;
			buildSettings = {
				ALWAYS_SEARCH_USER_PATHS = NO;
				CLANG_CXX_LANGUAGE_STANDARD = "gnu++0x";
				CLANG_CXX_LIBRARY = "libc++";
				CLANG_ENABLE_MODULES = YES;
				CLANG_ENABLE_OBJC_ARC = YES;
				CLANG_WARN_BOOL_CONVERSION = YES;
				CLANG_WARN_CONSTANT_CONVERSION = YES;
				CLANG_WARN_DIRECT_OBJC_ISA_USAGE = YES_ERROR;
				CLANG_WARN_EMPTY_BODY = YES;
				CLANG_WARN_ENUM_CONVERSION = YES;
				CLANG_WARN_INT_CONVERSION = YES;
				CLANG_WARN_OBJC_ROOT_CLASS = YES_ERROR;
				CLANG_WARN_UNREACHABLE_CODE = YES;
				CLANG_WARN__DUPLICATE_METHOD_MATCH = YES;
				"CODE_SIGN_IDENTITY[sdk=iphoneos*]" = "iPhone Developer";
				COPY_PHASE_STRIP = NO;
				DEBUG_INFORMATION_FORMAT = "dwarf-with-dsym";
				ENABLE_STRICT_OBJC_MSGSEND = YES;
				GCC_C_LANGUAGE_STANDARD = gnu99;
				GCC_DYNAMIC_NO_PIC = NO;
				GCC_NO_COMMON_BLOCKS = YES;
				GCC_OPTIMIZATION_LEVEL = 0;
				GCC_PREPROCESSOR_DEFINITIONS = (
					"DEBUG=1",
					"$(inherited)",
				);
				GCC_SYMBOLS_PRIVATE_EXTERN = NO;
				GCC_WARN_64_TO_32_BIT_CONVERSION = YES;
				GCC_WARN_ABOUT_RETURN_TYPE = YES_ERROR;
				GCC_WARN_UNDECLARED_SELECTOR = YES;
				GCC_WARN_UNINITIALIZED_AUTOS = YES_AGGRESSIVE;
				GCC_WARN_UNUSED_FUNCTION = YES;
				GCC_WARN_UNUSED_VARIABLE = YES;
				IPHONEOS_DEPLOYMENT_TARGET = 8.3;
				MTL_ENABLE_DEBUG_INFO = YES;
				ONLY_ACTIVE_ARCH = YES;
				SDKROOT = iphoneos;
				SWIFT_OPTIMIZATION_LEVEL = "-Onone";
			};
			name = Debug;
		};
		54D94A741AE970DE00E35205 /* Release */ = {
			isa = XCBuildConfiguration;
			buildSettings = {
				ALWAYS_SEARCH_USER_PATHS = NO;
				CLANG_CXX_LANGUAGE_STANDARD = "gnu++0x";
				CLANG_CXX_LIBRARY = "libc++";
				CLANG_ENABLE_MODULES = YES;
				CLANG_ENABLE_OBJC_ARC = YES;
				CLANG_WARN_BOOL_CONVERSION = YES;
				CLANG_WARN_CONSTANT_CONVERSION = YES;
				CLANG_WARN_DIRECT_OBJC_ISA_USAGE = YES_ERROR;
				CLANG_WARN_EMPTY_BODY = YES;
				CLANG_WARN_ENUM_CONVERSION = YES;
				CLANG_WARN_INT_CONVERSION = YES;
				CLANG_WARN_OBJC_ROOT_CLASS = YES_ERROR;
				CLANG_WARN_UNREACHABLE_CODE = YES;
				CLANG_WARN__DUPLICATE_METHOD_MATCH = YES;
				"CODE_SIGN_IDENTITY[sdk=iphoneos*]" = "iPhone Developer";
				COPY_PHASE_STRIP = NO;
				DEBUG_INFORMATION_FORMAT = "dwarf-with-dsym";
				ENABLE_NS_ASSERTIONS = NO;
				ENABLE_STRICT_OBJC_MSGSEND = YES;
				GCC_C_LANGUAGE_STANDARD = gnu99;
				GCC_NO_COMMON_BLOCKS = YES;
				GCC_WARN_64_TO_32_BIT_CONVERSION = YES;
				GCC_WARN_ABOUT_RETURN_TYPE = YES_ERROR;
				GCC_WARN_UNDECLARED_SELECTOR = YES;
				GCC_WARN_UNINITIALIZED_AUTOS = YES_AGGRESSIVE;
				GCC_WARN_UNUSED_FUNCTION = YES;
				GCC_WARN_UNUSED_VARIABLE = YES;
				IPHONEOS_DEPLOYMENT_TARGET = 8.3;
				MTL_ENABLE_DEBUG_INFO = NO;
				SDKROOT = iphoneos;
				VALIDATE_PRODUCT = YES;
			};
			name = Release;
		};
		54D94A761AE970DE00E35205 /* Debug */ = {
			isa = XCBuildConfiguration;
			buildSettings = {
				ASSETCATALOG_COMPILER_APPICON_NAME = AppIcon;
				INFOPLIST_FILE = "On The Map/Info.plist";
				LD_RUNPATH_SEARCH_PATHS = "$(inherited) @executable_path/Frameworks";
				PRODUCT_NAME = "$(TARGET_NAME)";
			};
			name = Debug;
		};
		54D94A771AE970DE00E35205 /* Release */ = {
			isa = XCBuildConfiguration;
			buildSettings = {
				ASSETCATALOG_COMPILER_APPICON_NAME = AppIcon;
				INFOPLIST_FILE = "On The Map/Info.plist";
				LD_RUNPATH_SEARCH_PATHS = "$(inherited) @executable_path/Frameworks";
				PRODUCT_NAME = "$(TARGET_NAME)";
			};
			name = Release;
		};
		54D94A791AE970DE00E35205 /* Debug */ = {
			isa = XCBuildConfiguration;
			buildSettings = {
				BUNDLE_LOADER = "$(TEST_HOST)";
				FRAMEWORK_SEARCH_PATHS = (
					"$(SDKROOT)/Developer/Library/Frameworks",
					"$(inherited)",
				);
				GCC_PREPROCESSOR_DEFINITIONS = (
					"DEBUG=1",
					"$(inherited)",
				);
				INFOPLIST_FILE = "On The MapTests/Info.plist";
				LD_RUNPATH_SEARCH_PATHS = "$(inherited) @executable_path/Frameworks @loader_path/Frameworks";
				PRODUCT_NAME = "$(TARGET_NAME)";
				TEST_HOST = "$(BUILT_PRODUCTS_DIR)/On The Map.app/On The Map";
			};
			name = Debug;
		};
		54D94A7A1AE970DE00E35205 /* Release */ = {
			isa = XCBuildConfiguration;
			buildSettings = {
				BUNDLE_LOADER = "$(TEST_HOST)";
				FRAMEWORK_SEARCH_PATHS = (
					"$(SDKROOT)/Developer/Library/Frameworks",
					"$(inherited)",
				);
				INFOPLIST_FILE = "On The MapTests/Info.plist";
				LD_RUNPATH_SEARCH_PATHS = "$(inherited) @executable_path/Frameworks @loader_path/Frameworks";
				PRODUCT_NAME = "$(TARGET_NAME)";
				TEST_HOST = "$(BUILT_PRODUCTS_DIR)/On The Map.app/On The Map";
			};
			name = Release;
		};
/* End XCBuildConfiguration section */

/* Begin XCConfigurationList section */
		54D94A511AE970DE00E35205 /* Build configuration list for PBXProject "On The Map" */ = {
			isa = XCConfigurationList;
			buildConfigurations = (
				54D94A731AE970DE00E35205 /* Debug */,
				54D94A741AE970DE00E35205 /* Release */,
			);
			defaultConfigurationIsVisible = 0;
			defaultConfigurationName = Release;
		};
		54D94A751AE970DE00E35205 /* Build configuration list for PBXNativeTarget "On The Map" */ = {
			isa = XCConfigurationList;
			buildConfigurations = (
				54D94A761AE970DE00E35205 /* Debug */,
				54D94A771AE970DE00E35205 /* Release */,
			);
			defaultConfigurationIsVisible = 0;
			defaultConfigurationName = Release;
		};
		54D94A781AE970DE00E35205 /* Build configuration list for PBXNativeTarget "On The MapTests" */ = {
			isa = XCConfigurationList;
			buildConfigurations = (
				54D94A791AE970DE00E35205 /* Debug */,
				54D94A7A1AE970DE00E35205 /* Release */,
			);
			defaultConfigurationIsVisible = 0;
			defaultConfigurationName = Release;
		};
/* End XCConfigurationList section */
	};
	rootObject = 54D94A4E1AE970DE00E35205 /* Project object */;
}
